// !$*UTF8*$!
{
	archiveVersion = 1;
	classes = {
	};
	objectVersion = 50;
	objects = {

/* Begin PBXBuildFile section */
		029F13AE25DB1E66005628C1 /* AppDelegate.swift in Sources */ = {isa = PBXBuildFile; fileRef = 029F13AD25DB1E66005628C1 /* AppDelegate.swift */; };
		029F13B025DB1E66005628C1 /* SceneDelegate.swift in Sources */ = {isa = PBXBuildFile; fileRef = 029F13AF25DB1E66005628C1 /* SceneDelegate.swift */; };
		029F13B725DB1E69005628C1 /* Assets.xcassets in Resources */ = {isa = PBXBuildFile; fileRef = 029F13B625DB1E69005628C1 /* Assets.xcassets */; };
		029F13BA25DB1E69005628C1 /* LaunchScreen.storyboard in Resources */ = {isa = PBXBuildFile; fileRef = 029F13B825DB1E69005628C1 /* LaunchScreen.storyboard */; };
		029F13C625DB3A35005628C1 /* SearchViewController.swift in Sources */ = {isa = PBXBuildFile; fileRef = 029F13C525DB3A35005628C1 /* SearchViewController.swift */; };
		029F13C925DB3A8D005628C1 /* FavoriteListViewController.swift in Sources */ = {isa = PBXBuildFile; fileRef = 029F13C825DB3A8D005628C1 /* FavoriteListViewController.swift */; };
		029F13CC25DC1B6D005628C1 /* GFButton.swift in Sources */ = {isa = PBXBuildFile; fileRef = 029F13CB25DC1B6D005628C1 /* GFButton.swift */; };
		029F13CF25DC375D005628C1 /* GFTextField.swift in Sources */ = {isa = PBXBuildFile; fileRef = 029F13CE25DC375D005628C1 /* GFTextField.swift */; };
		029F13D225DC6A94005628C1 /* FollowerListViewController.swift in Sources */ = {isa = PBXBuildFile; fileRef = 029F13D125DC6A94005628C1 /* FollowerListViewController.swift */; };
		029F13D525DC8852005628C1 /* GFTitleLable.swift in Sources */ = {isa = PBXBuildFile; fileRef = 029F13D425DC8852005628C1 /* GFTitleLable.swift */; };
		029F13D825DC8C67005628C1 /* GFBodyLabel.swift in Sources */ = {isa = PBXBuildFile; fileRef = 029F13D725DC8C67005628C1 /* GFBodyLabel.swift */; };
		029F13DB25DC8D4E005628C1 /* GFAlertViewController.swift in Sources */ = {isa = PBXBuildFile; fileRef = 029F13DA25DC8D4E005628C1 /* GFAlertViewController.swift */; };
		029F13DE25DCBC9A005628C1 /* UIViewController+Ext.swift in Sources */ = {isa = PBXBuildFile; fileRef = 029F13DD25DCBC9A005628C1 /* UIViewController+Ext.swift */; };
		029F13EA25E07E15005628C1 /* Follower.swift in Sources */ = {isa = PBXBuildFile; fileRef = 029F13E925E07E15005628C1 /* Follower.swift */; };
		029F13ED25E07F66005628C1 /* User.swift in Sources */ = {isa = PBXBuildFile; fileRef = 029F13EC25E07F66005628C1 /* User.swift */; };
/* End PBXBuildFile section */

/* Begin PBXFileReference section */
		029F13AA25DB1E66005628C1 /* ghf.app */ = {isa = PBXFileReference; explicitFileType = wrapper.application; includeInIndex = 0; path = ghf.app; sourceTree = BUILT_PRODUCTS_DIR; };
		029F13AD25DB1E66005628C1 /* AppDelegate.swift */ = {isa = PBXFileReference; lastKnownFileType = sourcecode.swift; path = AppDelegate.swift; sourceTree = "<group>"; };
		029F13AF25DB1E66005628C1 /* SceneDelegate.swift */ = {isa = PBXFileReference; lastKnownFileType = sourcecode.swift; path = SceneDelegate.swift; sourceTree = "<group>"; };
		029F13B625DB1E69005628C1 /* Assets.xcassets */ = {isa = PBXFileReference; lastKnownFileType = folder.assetcatalog; path = Assets.xcassets; sourceTree = "<group>"; };
		029F13B925DB1E69005628C1 /* Base */ = {isa = PBXFileReference; lastKnownFileType = file.storyboard; name = Base; path = Base.lproj/LaunchScreen.storyboard; sourceTree = "<group>"; };
		029F13BB25DB1E69005628C1 /* Info.plist */ = {isa = PBXFileReference; lastKnownFileType = text.plist.xml; path = Info.plist; sourceTree = "<group>"; };
		029F13C525DB3A35005628C1 /* SearchViewController.swift */ = {isa = PBXFileReference; lastKnownFileType = sourcecode.swift; path = SearchViewController.swift; sourceTree = "<group>"; };
		029F13C825DB3A8D005628C1 /* FavoriteListViewController.swift */ = {isa = PBXFileReference; lastKnownFileType = sourcecode.swift; path = FavoriteListViewController.swift; sourceTree = "<group>"; };
		029F13CB25DC1B6D005628C1 /* GFButton.swift */ = {isa = PBXFileReference; lastKnownFileType = sourcecode.swift; path = GFButton.swift; sourceTree = "<group>"; };
		029F13CE25DC375D005628C1 /* GFTextField.swift */ = {isa = PBXFileReference; lastKnownFileType = sourcecode.swift; path = GFTextField.swift; sourceTree = "<group>"; };
		029F13D125DC6A94005628C1 /* FollowerListViewController.swift */ = {isa = PBXFileReference; lastKnownFileType = sourcecode.swift; path = FollowerListViewController.swift; sourceTree = "<group>"; };
		029F13D425DC8852005628C1 /* GFTitleLable.swift */ = {isa = PBXFileReference; lastKnownFileType = sourcecode.swift; path = GFTitleLable.swift; sourceTree = "<group>"; };
		029F13D725DC8C67005628C1 /* GFBodyLabel.swift */ = {isa = PBXFileReference; lastKnownFileType = sourcecode.swift; path = GFBodyLabel.swift; sourceTree = "<group>"; };
		029F13DA25DC8D4E005628C1 /* GFAlertViewController.swift */ = {isa = PBXFileReference; lastKnownFileType = sourcecode.swift; path = GFAlertViewController.swift; sourceTree = "<group>"; };
		029F13DD25DCBC9A005628C1 /* UIViewController+Ext.swift */ = {isa = PBXFileReference; lastKnownFileType = sourcecode.swift; path = "UIViewController+Ext.swift"; sourceTree = "<group>"; };
		029F13E925E07E15005628C1 /* Follower.swift */ = {isa = PBXFileReference; lastKnownFileType = sourcecode.swift; path = Follower.swift; sourceTree = "<group>"; };
		029F13EC25E07F66005628C1 /* User.swift */ = {isa = PBXFileReference; lastKnownFileType = sourcecode.swift; path = User.swift; sourceTree = "<group>"; };
/* End PBXFileReference section */

/* Begin PBXFrameworksBuildPhase section */
		029F13A725DB1E66005628C1 /* Frameworks */ = {
			isa = PBXFrameworksBuildPhase;
			buildActionMask = 2147483647;
			files = (
			);
			runOnlyForDeploymentPostprocessing = 0;
		};
/* End PBXFrameworksBuildPhase section */

/* Begin PBXGroup section */
		029F13A125DB1E66005628C1 = {
			isa = PBXGroup;
			children = (
				029F13AC25DB1E66005628C1 /* ghf */,
				029F13AB25DB1E66005628C1 /* Products */,
			);
			sourceTree = "<group>";
		};
		029F13AB25DB1E66005628C1 /* Products */ = {
			isa = PBXGroup;
			children = (
				029F13AA25DB1E66005628C1 /* ghf.app */,
			);
			name = Products;
			sourceTree = "<group>";
		};
		029F13AC25DB1E66005628C1 /* ghf */ = {
			isa = PBXGroup;
			children = (
				029F13E825E07DD9005628C1 /* Model */,
				029F13AD25DB1E66005628C1 /* AppDelegate.swift */,
				029F13B625DB1E69005628C1 /* Assets.xcassets */,
				029F13C825DB3A8D005628C1 /* FavoriteListViewController.swift */,
				029F13D125DC6A94005628C1 /* FollowerListViewController.swift */,
				029F13DA25DC8D4E005628C1 /* GFAlertViewController.swift */,
				029F13D725DC8C67005628C1 /* GFBodyLabel.swift */,
				029F13CB25DC1B6D005628C1 /* GFButton.swift */,
				029F13CE25DC375D005628C1 /* GFTextField.swift */,
				029F13D425DC8852005628C1 /* GFTitleLable.swift */,
				029F13BB25DB1E69005628C1 /* Info.plist */,
				029F13B825DB1E69005628C1 /* LaunchScreen.storyboard */,
				029F13AF25DB1E66005628C1 /* SceneDelegate.swift */,
				029F13C525DB3A35005628C1 /* SearchViewController.swift */,
				029F13DD25DCBC9A005628C1 /* UIViewController+Ext.swift */,
			);
			path = ghf;
			sourceTree = "<group>";
		};
		029F13E825E07DD9005628C1 /* Model */ = {
			isa = PBXGroup;
			children = (
				029F13E925E07E15005628C1 /* Follower.swift */,
				029F13EC25E07F66005628C1 /* User.swift */,
			);
			path = Model;
			sourceTree = "<group>";
		};
/* End PBXGroup section */

/* Begin PBXNativeTarget section */
		029F13A925DB1E66005628C1 /* ghf */ = {
			isa = PBXNativeTarget;
			buildConfigurationList = 029F13BE25DB1E69005628C1 /* Build configuration list for PBXNativeTarget "ghf" */;
			buildPhases = (
				029F13A625DB1E66005628C1 /* Sources */,
				029F13A725DB1E66005628C1 /* Frameworks */,
				029F13A825DB1E66005628C1 /* Resources */,
			);
			buildRules = (
			);
			dependencies = (
			);
			name = ghf;
			productName = ghf;
			productReference = 029F13AA25DB1E66005628C1 /* ghf.app */;
			productType = "com.apple.product-type.application";
		};
/* End PBXNativeTarget section */

/* Begin PBXProject section */
		029F13A225DB1E66005628C1 /* Project object */ = {
			isa = PBXProject;
			attributes = {
				LastSwiftUpdateCheck = 1220;
				LastUpgradeCheck = 1220;
				TargetAttributes = {
					029F13A925DB1E66005628C1 = {
						CreatedOnToolsVersion = 12.2;
					};
				};
			};
			buildConfigurationList = 029F13A525DB1E66005628C1 /* Build configuration list for PBXProject "ghf" */;
			compatibilityVersion = "Xcode 9.3";
			developmentRegion = en;
			hasScannedForEncodings = 0;
			knownRegions = (
				en,
				Base,
			);
			mainGroup = 029F13A125DB1E66005628C1;
			productRefGroup = 029F13AB25DB1E66005628C1 /* Products */;
			projectDirPath = "";
			projectRoot = "";
			targets = (
				029F13A925DB1E66005628C1 /* ghf */,
			);
		};
/* End PBXProject section */

/* Begin PBXResourcesBuildPhase section */
		029F13A825DB1E66005628C1 /* Resources */ = {
			isa = PBXResourcesBuildPhase;
			buildActionMask = 2147483647;
			files = (
				029F13BA25DB1E69005628C1 /* LaunchScreen.storyboard in Resources */,
				029F13B725DB1E69005628C1 /* Assets.xcassets in Resources */,
			);
			runOnlyForDeploymentPostprocessing = 0;
		};
/* End PBXResourcesBuildPhase section */

/* Begin PBXSourcesBuildPhase section */
		029F13A625DB1E66005628C1 /* Sources */ = {
			isa = PBXSourcesBuildPhase;
			buildActionMask = 2147483647;
			files = (
				029F13ED25E07F66005628C1 /* User.swift in Sources */,
				029F13DB25DC8D4E005628C1 /* GFAlertViewController.swift in Sources */,
				029F13CF25DC375D005628C1 /* GFTextField.swift in Sources */,
				029F13C925DB3A8D005628C1 /* FavoriteListViewController.swift in Sources */,
				029F13DE25DCBC9A005628C1 /* UIViewController+Ext.swift in Sources */,
				029F13CC25DC1B6D005628C1 /* GFButton.swift in Sources */,
				029F13D225DC6A94005628C1 /* FollowerListViewController.swift in Sources */,
				029F13D825DC8C67005628C1 /* GFBodyLabel.swift in Sources */,
				029F13EA25E07E15005628C1 /* Follower.swift in Sources */,
				029F13D525DC8852005628C1 /* GFTitleLable.swift in Sources */,
				029F13C625DB3A35005628C1 /* SearchViewController.swift in Sources */,
				029F13AE25DB1E66005628C1 /* AppDelegate.swift in Sources */,
				029F13B025DB1E66005628C1 /* SceneDelegate.swift in Sources */,
			);
			runOnlyForDeploymentPostprocessing = 0;
		};
/* End PBXSourcesBuildPhase section */

/* Begin PBXVariantGroup section */
		029F13B825DB1E69005628C1 /* LaunchScreen.storyboard */ = {
			isa = PBXVariantGroup;
			children = (
				029F13B925DB1E69005628C1 /* Base */,
			);
			name = LaunchScreen.storyboard;
			sourceTree = "<group>";
		};
/* End PBXVariantGroup section */

/* Begin XCBuildConfiguration section */
		029F13BC25DB1E69005628C1 /* Debug */ = {
			isa = XCBuildConfiguration;
			buildSettings = {
				ALWAYS_SEARCH_USER_PATHS = NO;
				CLANG_ANALYZER_NONNULL = YES;
				CLANG_ANALYZER_NUMBER_OBJECT_CONVERSION = YES_AGGRESSIVE;
				CLANG_CXX_LANGUAGE_STANDARD = "gnu++14";
				CLANG_CXX_LIBRARY = "libc++";
				CLANG_ENABLE_MODULES = YES;
				CLANG_ENABLE_OBJC_ARC = YES;
				CLANG_ENABLE_OBJC_WEAK = YES;
				CLANG_WARN_BLOCK_CAPTURE_AUTORELEASING = YES;
				CLANG_WARN_BOOL_CONVERSION = YES;
				CLANG_WARN_COMMA = YES;
				CLANG_WARN_CONSTANT_CONVERSION = YES;
				CLANG_WARN_DEPRECATED_OBJC_IMPLEMENTATIONS = YES;
				CLANG_WARN_DIRECT_OBJC_ISA_USAGE = YES_ERROR;
				CLANG_WARN_DOCUMENTATION_COMMENTS = YES;
				CLANG_WARN_EMPTY_BODY = YES;
				CLANG_WARN_ENUM_CONVERSION = YES;
				CLANG_WARN_INFINITE_RECURSION = YES;
				CLANG_WARN_INT_CONVERSION = YES;
				CLANG_WARN_NON_LITERAL_NULL_CONVERSION = YES;
				CLANG_WARN_OBJC_IMPLICIT_RETAIN_SELF = YES;
				CLANG_WARN_OBJC_LITERAL_CONVERSION = YES;
				CLANG_WARN_OBJC_ROOT_CLASS = YES_ERROR;
				CLANG_WARN_QUOTED_INCLUDE_IN_FRAMEWORK_HEADER = YES;
				CLANG_WARN_RANGE_LOOP_ANALYSIS = YES;
				CLANG_WARN_STRICT_PROTOTYPES = YES;
				CLANG_WARN_SUSPICIOUS_MOVE = YES;
				CLANG_WARN_UNGUARDED_AVAILABILITY = YES_AGGRESSIVE;
				CLANG_WARN_UNREACHABLE_CODE = YES;
				CLANG_WARN__DUPLICATE_METHOD_MATCH = YES;
				COPY_PHASE_STRIP = NO;
				DEBUG_INFORMATION_FORMAT = dwarf;
				ENABLE_STRICT_OBJC_MSGSEND = YES;
				ENABLE_TESTABILITY = YES;
				GCC_C_LANGUAGE_STANDARD = gnu11;
				GCC_DYNAMIC_NO_PIC = NO;
				GCC_NO_COMMON_BLOCKS = YES;
				GCC_OPTIMIZATION_LEVEL = 0;
				GCC_PREPROCESSOR_DEFINITIONS = (
					"DEBUG=1",
					"$(inherited)",
				);
				GCC_WARN_64_TO_32_BIT_CONVERSION = YES;
				GCC_WARN_ABOUT_RETURN_TYPE = YES_ERROR;
				GCC_WARN_UNDECLARED_SELECTOR = YES;
				GCC_WARN_UNINITIALIZED_AUTOS = YES_AGGRESSIVE;
				GCC_WARN_UNUSED_FUNCTION = YES;
				GCC_WARN_UNUSED_VARIABLE = YES;
				IPHONEOS_DEPLOYMENT_TARGET = 14.2;
				MTL_ENABLE_DEBUG_INFO = INCLUDE_SOURCE;
				MTL_FAST_MATH = YES;
				ONLY_ACTIVE_ARCH = YES;
				SDKROOT = iphoneos;
				SWIFT_ACTIVE_COMPILATION_CONDITIONS = DEBUG;
				SWIFT_OPTIMIZATION_LEVEL = "-Onone";
			};
			name = Debug;
		};
		029F13BD25DB1E69005628C1 /* Release */ = {
			isa = XCBuildConfiguration;
			buildSettings = {
				ALWAYS_SEARCH_USER_PATHS = NO;
				CLANG_ANALYZER_NONNULL = YES;
				CLANG_ANALYZER_NUMBER_OBJECT_CONVERSION = YES_AGGRESSIVE;
				CLANG_CXX_LANGUAGE_STANDARD = "gnu++14";
				CLANG_CXX_LIBRARY = "libc++";
				CLANG_ENABLE_MODULES = YES;
				CLANG_ENABLE_OBJC_ARC = YES;
				CLANG_ENABLE_OBJC_WEAK = YES;
				CLANG_WARN_BLOCK_CAPTURE_AUTORELEASING = YES;
				CLANG_WARN_BOOL_CONVERSION = YES;
				CLANG_WARN_COMMA = YES;
				CLANG_WARN_CONSTANT_CONVERSION = YES;
				CLANG_WARN_DEPRECATED_OBJC_IMPLEMENTATIONS = YES;
				CLANG_WARN_DIRECT_OBJC_ISA_USAGE = YES_ERROR;
				CLANG_WARN_DOCUMENTATION_COMMENTS = YES;
				CLANG_WARN_EMPTY_BODY = YES;
				CLANG_WARN_ENUM_CONVERSION = YES;
				CLANG_WARN_INFINITE_RECURSION = YES;
				CLANG_WARN_INT_CONVERSION = YES;
				CLANG_WARN_NON_LITERAL_NULL_CONVERSION = YES;
				CLANG_WARN_OBJC_IMPLICIT_RETAIN_SELF = YES;
				CLANG_WARN_OBJC_LITERAL_CONVERSION = YES;
				CLANG_WARN_OBJC_ROOT_CLASS = YES_ERROR;
				CLANG_WARN_QUOTED_INCLUDE_IN_FRAMEWORK_HEADER = YES;
				CLANG_WARN_RANGE_LOOP_ANALYSIS = YES;
				CLANG_WARN_STRICT_PROTOTYPES = YES;
				CLANG_WARN_SUSPICIOUS_MOVE = YES;
				CLANG_WARN_UNGUARDED_AVAILABILITY = YES_AGGRESSIVE;
				CLANG_WARN_UNREACHABLE_CODE = YES;
				CLANG_WARN__DUPLICATE_METHOD_MATCH = YES;
				COPY_PHASE_STRIP = NO;
				DEBUG_INFORMATION_FORMAT = "dwarf-with-dsym";
				ENABLE_NS_ASSERTIONS = NO;
				ENABLE_STRICT_OBJC_MSGSEND = YES;
				GCC_C_LANGUAGE_STANDARD = gnu11;
				GCC_NO_COMMON_BLOCKS = YES;
				GCC_WARN_64_TO_32_BIT_CONVERSION = YES;
				GCC_WARN_ABOUT_RETURN_TYPE = YES_ERROR;
				GCC_WARN_UNDECLARED_SELECTOR = YES;
				GCC_WARN_UNINITIALIZED_AUTOS = YES_AGGRESSIVE;
				GCC_WARN_UNUSED_FUNCTION = YES;
				GCC_WARN_UNUSED_VARIABLE = YES;
				IPHONEOS_DEPLOYMENT_TARGET = 14.2;
				MTL_ENABLE_DEBUG_INFO = NO;
				MTL_FAST_MATH = YES;
				SDKROOT = iphoneos;
				SWIFT_COMPILATION_MODE = wholemodule;
				SWIFT_OPTIMIZATION_LEVEL = "-O";
				VALIDATE_PRODUCT = YES;
			};
			name = Release;
		};
		029F13BF25DB1E69005628C1 /* Debug */ = {
			isa = XCBuildConfiguration;
			buildSettings = {
				ASSETCATALOG_COMPILER_APPICON_NAME = AppIcon;
				ASSETCATALOG_COMPILER_GLOBAL_ACCENT_COLOR_NAME = AccentColor;
				CODE_SIGN_STYLE = Automatic;
				DEVELOPMENT_TEAM = MG8545UVC9;
				INFOPLIST_FILE = ghf/Info.plist;
				LD_RUNPATH_SEARCH_PATHS = (
					"$(inherited)",
					"@executable_path/Frameworks",
				);
				PRODUCT_BUNDLE_IDENTIFIER = ooo.toscan.ghf;
				PRODUCT_NAME = "$(TARGET_NAME)";
				SWIFT_VERSION = 5.0;
				TARGETED_DEVICE_FAMILY = 1;
			};
			name = Debug;
		};
		029F13C025DB1E69005628C1 /* Release */ = {
			isa = XCBuildConfiguration;
			buildSettings = {
				ASSETCATALOG_COMPILER_APPICON_NAME = AppIcon;
				ASSETCATALOG_COMPILER_GLOBAL_ACCENT_COLOR_NAME = AccentColor;
				CODE_SIGN_STYLE = Automatic;
				DEVELOPMENT_TEAM = MG8545UVC9;
				INFOPLIST_FILE = ghf/Info.plist;
				LD_RUNPATH_SEARCH_PATHS = (
					"$(inherited)",
					"@executable_path/Frameworks",
				);
				PRODUCT_BUNDLE_IDENTIFIER = ooo.toscan.ghf;
				PRODUCT_NAME = "$(TARGET_NAME)";
				SWIFT_VERSION = 5.0;
				TARGETED_DEVICE_FAMILY = 1;
			};
			name = Release;
		};
/* End XCBuildConfiguration section */

/* Begin XCConfigurationList section */
		029F13A525DB1E66005628C1 /* Build configuration list for PBXProject "ghf" */ = {
			isa = XCConfigurationList;
			buildConfigurations = (
				029F13BC25DB1E69005628C1 /* Debug */,
				029F13BD25DB1E69005628C1 /* Release */,
			);
			defaultConfigurationIsVisible = 0;
			defaultConfigurationName = Release;
		};
		029F13BE25DB1E69005628C1 /* Build configuration list for PBXNativeTarget "ghf" */ = {
			isa = XCConfigurationList;
			buildConfigurations = (
				029F13BF25DB1E69005628C1 /* Debug */,
				029F13C025DB1E69005628C1 /* Release */,
			);
			defaultConfigurationIsVisible = 0;
			defaultConfigurationName = Release;
		};
/* End XCConfigurationList section */
	};
	rootObject = 029F13A225DB1E66005628C1 /* Project object */;
}
